
Microsoft Visual Studio Solution File, Format Version 12.00
# Visual Studio 15
VisualStudioVersion = 15.0.27703.2042
MinimumVisualStudioVersion = 10.0.40219.1
Project("{FAE04EC0-301F-11D3-BF4B-00C04F79EFBC}") = "SYR_LightRadius", "SYR_Additions\SYR_LightRadius.csproj", "{19275EDA-5329-4400-9850-42B0A4C5545C}"
EndProject
Global
	GlobalSection(SolutionConfigurationPlatforms) = preSolution
		Debug|Any CPU = Debug|Any CPU
		Release|Any CPU = Release|Any CPU
	EndGlobalSection
	GlobalSection(ProjectConfigurationPlatforms) = postSolution
		{19275EDA-5329-4400-9850-42B0A4C5545C}.Debug|Any CPU.ActiveCfg = Debug|Any CPU
		{19275EDA-5329-4400-9850-42B0A4C5545C}.Debug|Any CPU.Build.0 = Debug|Any CPU
		{19275EDA-5329-4400-9850-42B0A4C5545C}.Release|Any CPU.ActiveCfg = Release|Any CPU
		{19275EDA-5329-4400-9850-42B0A4C5545C}.Release|Any CPU.Build.0 = Release|Any CPU
	EndGlobalSection
	GlobalSection(SolutionProperties) = preSolution
		HideSolutionNode = FALSE
	EndGlobalSection
	GlobalSection(ExtensibilityGlobals) = postSolution
		SolutionGuid = {73C5C939-C4F5-4CD6-91AA-5AD5EDAAE916}
	EndGlobalSection
EndGlobal
